
Microsoft Visual Studio Solution File, Format Version 12.00
# Visual Studio Version 16
VisualStudioVersion = 16.0.34031.81
MinimumVisualStudioVersion = 10.0.40219.1
Project("{2150E333-8FDC-42A3-9474-1A3956D46DE8}") = "Task0", "Task0", "{C689D051-8C05-4E65-8696-EE46344CFD6D}"
EndProject
Project("{FAE04EC0-301F-11D3-BF4B-00C04F79EFBC}") = "Tyuiu.ShustovTS.Sprint5.Task0.V7", "Tyuiu.ShustovTS.Sprint5.Task0.V7\Tyuiu.ShustovTS.Sprint5.Task0.V7.csproj", "{B0FD69BA-79BF-41D3-B8E3-7DD24EFDF19E}"
EndProject
Project("{FAE04EC0-301F-11D3-BF4B-00C04F79EFBC}") = "Tyuiu.ShustovTS.Sprint5.Task0.V7.Test", "Tyuiu.ShustovTS.Sprint5.Task0.V7.Test\Tyuiu.ShustovTS.Sprint5.Task0.V7.Test.csproj", "{3903BC8C-AB3F-4626-8F4F-B68849687B12}"
EndProject
Project("{FAE04EC0-301F-11D3-BF4B-00C04F79EFBC}") = "Tyuiu.ShustovTS.Sprint5.Task0.V7.Lib", "Tyuiu.ShustovTS.Sprint5.Task0.V7.Lib\Tyuiu.ShustovTS.Sprint5.Task0.V7.Lib.csproj", "{7AF5FE0A-1238-4C7A-BEC9-E7186C7E2F33}"
EndProject
Project("{2150E333-8FDC-42A3-9474-1A3956D46DE8}") = "Task1", "Task1", "{09A7EB55-9C59-4D98-9BFA-900376BD6C87}"
EndProject
Project("{FAE04EC0-301F-11D3-BF4B-00C04F79EFBC}") = "Tyuiu.ShustovTS.Sprint5.Task1.V17", "Tyuiu.ShustovTS.Sprint5.Task1.V17\Tyuiu.ShustovTS.Sprint5.Task1.V17.csproj", "{41619C47-012B-4BD0-8153-0F4DF5CC23F7}"
EndProject
Project("{FAE04EC0-301F-11D3-BF4B-00C04F79EFBC}") = "Tyuiu.ShustovTS.Sprint5.Task1.V17.Lib", "Tyuiu.ShustovTS.Sprint5.Task1.V17.Lib\Tyuiu.ShustovTS.Sprint5.Task1.V17.Lib.csproj", "{00F3F2D2-FAEA-40FF-8B06-EEDDABA8EC00}"
EndProject
Project("{FAE04EC0-301F-11D3-BF4B-00C04F79EFBC}") = "Tyuiu.ShustovTS.Sprint5.Task1.V17.Test", "Tyuiu.ShustovTS.Sprint5.Task1.V17.Test\Tyuiu.ShustovTS.Sprint5.Task1.V17.Test.csproj", "{2B80E749-A093-4E40-ACE1-262D3BE1676E}"
EndProject
Project("{2150E333-8FDC-42A3-9474-1A3956D46DE8}") = "Task2", "Task2", "{57305F86-9945-4DB6-A395-2F9FFD8FF260}"
EndProject
Project("{FAE04EC0-301F-11D3-BF4B-00C04F79EFBC}") = "Tyuiu.ShustovTS.Sprint5.Task2.V1", "Tyuiu.ShustovTS.Sprint5.Task2.V1\Tyuiu.ShustovTS.Sprint5.Task2.V1.csproj", "{681F47C0-509C-4DFE-B669-3B57A11187F9}"
EndProject
Project("{FAE04EC0-301F-11D3-BF4B-00C04F79EFBC}") = "Tyuiu.ShustovTS.Sprint5.Task2.V1.Lib", "Tyuiu.ShustovTS.Sprint5.Task2.V1.Lib\Tyuiu.ShustovTS.Sprint5.Task2.V1.Lib.csproj", "{643D28BE-C7C7-4743-8C84-9306D3F5E98A}"
EndProject
Project("{FAE04EC0-301F-11D3-BF4B-00C04F79EFBC}") = "Tyuiu.ShustovTS.Sprint5.Task2.V1.Test", "Tyuiu.ShustovTS.Sprint5.Task2.V1.Test\Tyuiu.ShustovTS.Sprint5.Task2.V1.Test.csproj", "{2B85BDC5-FA9F-46B2-8ED8-B208E71BD64D}"
EndProject
Project("{2150E333-8FDC-42A3-9474-1A3956D46DE8}") = "Task3", "Task3", "{17A13AED-F300-4BC3-98DD-F09922375297}"
EndProject
Project("{FAE04EC0-301F-11D3-BF4B-00C04F79EFBC}") = "Tyuiu.ShustovTS.Sprint5.Task3.V9", "Tyuiu.ShustovTS.Sprint5.Task3.V9\Tyuiu.ShustovTS.Sprint5.Task3.V9.csproj", "{103AC82D-B23A-45B0-8A2E-39330A415EDB}"
EndProject
Project("{FAE04EC0-301F-11D3-BF4B-00C04F79EFBC}") = "Tyuiu.ShustovTS.Sprint5.Task3.V9.Lib", "Tyuiu.ShustovTS.Sprint5.Task3.V9.Lib\Tyuiu.ShustovTS.Sprint5.Task3.V9.Lib.csproj", "{DE336CD8-7FAD-429A-8227-CFBFCFE5BE88}"
EndProject
Project("{FAE04EC0-301F-11D3-BF4B-00C04F79EFBC}") = "Tyuiu.ShustovTS.Sprint5.Task3.V9.Test", "Tyuiu.ShustovTS.Sprint5.Task3.V9.Test\Tyuiu.ShustovTS.Sprint5.Task3.V9.Test.csproj", "{FE12660C-5B33-4864-A04F-4D6169AD01AC}"
EndProject
Project("{2150E333-8FDC-42A3-9474-1A3956D46DE8}") = "Task4", "Task4", "{B3AE78ED-2A94-4F64-821F-59B034B06CEC}"
EndProject
Project("{FAE04EC0-301F-11D3-BF4B-00C04F79EFBC}") = "Tyuiu.ShustovTS.Sprint5.Task4.V22", "Tyuiu.ShustovTS.Sprint5.Task4.V22\Tyuiu.ShustovTS.Sprint5.Task4.V22.csproj", "{12965EB0-46B7-44CB-9E29-5D8C69C1BE15}"
EndProject
Project("{FAE04EC0-301F-11D3-BF4B-00C04F79EFBC}") = "Tyuiu.ShustovTS.Sprint5.Task4.V22.Lib", "Tyuiu.ShustovTS.Sprint5.Task4.V22.Lib\Tyuiu.ShustovTS.Sprint5.Task4.V22.Lib.csproj", "{AAB06590-6A82-4F78-B723-FBC0C64032F3}"
EndProject
Project("{FAE04EC0-301F-11D3-BF4B-00C04F79EFBC}") = "Tyuiu.ShustovTS.Sprint5.Task4.V22.Test", "Tyuiu.ShustovTS.Sprint5.Task4.V22.Test\Tyuiu.ShustovTS.Sprint5.Task4.V22.Test.csproj", "{BAF88E8D-9356-43FE-B85C-800DE78633DE}"
EndProject
Project("{2150E333-8FDC-42A3-9474-1A3956D46DE8}") = "Task5", "Task5", "{47535C42-BF9B-45AA-9293-A91DEFA9D211}"
EndProject
Project("{FAE04EC0-301F-11D3-BF4B-00C04F79EFBC}") = "Tyuiu.ShustovTS.Sprint5.Task5.V9", "Tyuiu.ShustovTS.Sprint5.Task5.V9\Tyuiu.ShustovTS.Sprint5.Task5.V9.csproj", "{80D4BACB-33E8-4784-A7C7-77BBDC7268F6}"
EndProject
Project("{FAE04EC0-301F-11D3-BF4B-00C04F79EFBC}") = "Tyuiu.ShustovTS.Sprint5.Task5.V9.Lib", "Tyuiu.ShustovTS.Sprint5.Task5.V9.Lib\Tyuiu.ShustovTS.Sprint5.Task5.V9.Lib.csproj", "{B18269A8-0A45-4B6B-A279-CD1610EAF633}"
EndProject
Project("{FAE04EC0-301F-11D3-BF4B-00C04F79EFBC}") = "Tyuiu.ShustovTS.Sprint5.Task5.V9.Test", "Tyuiu.ShustovTS.Sprint5.Task5.V9.Test\Tyuiu.ShustovTS.Sprint5.Task5.V9.Test.csproj", "{F523463F-211C-4774-A59C-5470C35C1A3D}"
EndProject
Project("{2150E333-8FDC-42A3-9474-1A3956D46DE8}") = "Task6", "Task6", "{196D5F07-3540-4EB4-B3F7-47336BDB9BBC}"
EndProject
Project("{FAE04EC0-301F-11D3-BF4B-00C04F79EFBC}") = "Tyuiu.ShustovTS.Sprint5.Task6.V9", "Tyuiu.ShustovTS.Sprint5.Task6.V9\Tyuiu.ShustovTS.Sprint5.Task6.V9.csproj", "{EFC20649-3A9F-4185-9F2D-6FA1BCB0B821}"
EndProject
Project("{FAE04EC0-301F-11D3-BF4B-00C04F79EFBC}") = "Tyuiu.ShustovTS.Sprint5.Task6.V9.Lib", "Tyuiu.ShustovTS.Sprint5.Task6.V9.Lib\Tyuiu.ShustovTS.Sprint5.Task6.V9.Lib.csproj", "{CB7D5C75-8FA1-44E2-87D4-ECA6A434AFD4}"
EndProject
Project("{FAE04EC0-301F-11D3-BF4B-00C04F79EFBC}") = "Tyuiu.ShustovTS.Sprint5.Task6.V9.Test", "Tyuiu.ShustovTS.Sprint5.Task6.V9.Test\Tyuiu.ShustovTS.Sprint5.Task6.V9.Test.csproj", "{F4C1BC0D-3A77-4A01-A2CE-79789A5A078A}"
EndProject
Project("{2150E333-8FDC-42A3-9474-1A3956D46DE8}") = "Task7", "Task7", "{E2BFC620-10D2-4918-9298-2A44AAC373FF}"
EndProject
Project("{FAE04EC0-301F-11D3-BF4B-00C04F79EFBC}") = "Tyuiu.ShustovTS.Sprint5.Task7.V21", "Tyuiu.ShustovTS.Sprint5.Task7.V21\Tyuiu.ShustovTS.Sprint5.Task7.V21.csproj", "{17414EF1-A345-451D-87F6-F3501111FC0B}"
EndProject
Project("{FAE04EC0-301F-11D3-BF4B-00C04F79EFBC}") = "Tyuiu.ShustovTS.Sprint5.Task7.V21.Lib", "Tyuiu.ShustovTS.Sprint5.Task7.V21.Lib\Tyuiu.ShustovTS.Sprint5.Task7.V21.Lib.csproj", "{1CF29AF0-35AA-4622-9C03-3BEF06B38861}"
EndProject
Project("{FAE04EC0-301F-11D3-BF4B-00C04F79EFBC}") = "Tyuiu.ShustovTS.Sprint5.Task7.V21.Test", "Tyuiu.ShustovTS.Sprint5.Task7.V21.Test\Tyuiu.ShustovTS.Sprint5.Task7.V21.Test.csproj", "{B70FA42A-E779-4FD2-B6C6-B1B9D2321A92}"
EndProject
Global
	GlobalSection(SolutionConfigurationPlatforms) = preSolution
		Debug|Any CPU = Debug|Any CPU
		Release|Any CPU = Release|Any CPU
	EndGlobalSection
	GlobalSection(ProjectConfigurationPlatforms) = postSolution
		{B0FD69BA-79BF-41D3-B8E3-7DD24EFDF19E}.Debug|Any CPU.ActiveCfg = Debug|Any CPU
		{B0FD69BA-79BF-41D3-B8E3-7DD24EFDF19E}.Debug|Any CPU.Build.0 = Debug|Any CPU
		{B0FD69BA-79BF-41D3-B8E3-7DD24EFDF19E}.Release|Any CPU.ActiveCfg = Release|Any CPU
		{B0FD69BA-79BF-41D3-B8E3-7DD24EFDF19E}.Release|Any CPU.Build.0 = Release|Any CPU
		{3903BC8C-AB3F-4626-8F4F-B68849687B12}.Debug|Any CPU.ActiveCfg = Debug|Any CPU
		{3903BC8C-AB3F-4626-8F4F-B68849687B12}.Debug|Any CPU.Build.0 = Debug|Any CPU
		{3903BC8C-AB3F-4626-8F4F-B68849687B12}.Release|Any CPU.ActiveCfg = Release|Any CPU
		{3903BC8C-AB3F-4626-8F4F-B68849687B12}.Release|Any CPU.Build.0 = Release|Any CPU
		{7AF5FE0A-1238-4C7A-BEC9-E7186C7E2F33}.Debug|Any CPU.ActiveCfg = Debug|Any CPU
		{7AF5FE0A-1238-4C7A-BEC9-E7186C7E2F33}.Debug|Any CPU.Build.0 = Debug|Any CPU
		{7AF5FE0A-1238-4C7A-BEC9-E7186C7E2F33}.Release|Any CPU.ActiveCfg = Release|Any CPU
		{7AF5FE0A-1238-4C7A-BEC9-E7186C7E2F33}.Release|Any CPU.Build.0 = Release|Any CPU
		{41619C47-012B-4BD0-8153-0F4DF5CC23F7}.Debug|Any CPU.ActiveCfg = Debug|Any CPU
		{41619C47-012B-4BD0-8153-0F4DF5CC23F7}.Debug|Any CPU.Build.0 = Debug|Any CPU
		{41619C47-012B-4BD0-8153-0F4DF5CC23F7}.Release|Any CPU.ActiveCfg = Release|Any CPU
		{41619C47-012B-4BD0-8153-0F4DF5CC23F7}.Release|Any CPU.Build.0 = Release|Any CPU
		{00F3F2D2-FAEA-40FF-8B06-EEDDABA8EC00}.Debug|Any CPU.ActiveCfg = Debug|Any CPU
		{00F3F2D2-FAEA-40FF-8B06-EEDDABA8EC00}.Debug|Any CPU.Build.0 = Debug|Any CPU
		{00F3F2D2-FAEA-40FF-8B06-EEDDABA8EC00}.Release|Any CPU.ActiveCfg = Release|Any CPU
		{00F3F2D2-FAEA-40FF-8B06-EEDDABA8EC00}.Release|Any CPU.Build.0 = Release|Any CPU
		{2B80E749-A093-4E40-ACE1-262D3BE1676E}.Debug|Any CPU.ActiveCfg = Debug|Any CPU
		{2B80E749-A093-4E40-ACE1-262D3BE1676E}.Debug|Any CPU.Build.0 = Debug|Any CPU
		{2B80E749-A093-4E40-ACE1-262D3BE1676E}.Release|Any CPU.ActiveCfg = Release|Any CPU
		{2B80E749-A093-4E40-ACE1-262D3BE1676E}.Release|Any CPU.Build.0 = Release|Any CPU
		{681F47C0-509C-4DFE-B669-3B57A11187F9}.Debug|Any CPU.ActiveCfg = Debug|Any CPU
		{681F47C0-509C-4DFE-B669-3B57A11187F9}.Debug|Any CPU.Build.0 = Debug|Any CPU
		{681F47C0-509C-4DFE-B669-3B57A11187F9}.Release|Any CPU.ActiveCfg = Release|Any CPU
		{681F47C0-509C-4DFE-B669-3B57A11187F9}.Release|Any CPU.Build.0 = Release|Any CPU
		{643D28BE-C7C7-4743-8C84-9306D3F5E98A}.Debug|Any CPU.ActiveCfg = Debug|Any CPU
		{643D28BE-C7C7-4743-8C84-9306D3F5E98A}.Debug|Any CPU.Build.0 = Debug|Any CPU
		{643D28BE-C7C7-4743-8C84-9306D3F5E98A}.Release|Any CPU.ActiveCfg = Release|Any CPU
		{643D28BE-C7C7-4743-8C84-9306D3F5E98A}.Release|Any CPU.Build.0 = Release|Any CPU
		{2B85BDC5-FA9F-46B2-8ED8-B208E71BD64D}.Debug|Any CPU.ActiveCfg = Debug|Any CPU
		{2B85BDC5-FA9F-46B2-8ED8-B208E71BD64D}.Debug|Any CPU.Build.0 = Debug|Any CPU
		{2B85BDC5-FA9F-46B2-8ED8-B208E71BD64D}.Release|Any CPU.ActiveCfg = Release|Any CPU
		{2B85BDC5-FA9F-46B2-8ED8-B208E71BD64D}.Release|Any CPU.Build.0 = Release|Any CPU
		{103AC82D-B23A-45B0-8A2E-39330A415EDB}.Debug|Any CPU.ActiveCfg = Debug|Any CPU
		{103AC82D-B23A-45B0-8A2E-39330A415EDB}.Debug|Any CPU.Build.0 = Debug|Any CPU
		{103AC82D-B23A-45B0-8A2E-39330A415EDB}.Release|Any CPU.ActiveCfg = Release|Any CPU
		{103AC82D-B23A-45B0-8A2E-39330A415EDB}.Release|Any CPU.Build.0 = Release|Any CPU
		{DE336CD8-7FAD-429A-8227-CFBFCFE5BE88}.Debug|Any CPU.ActiveCfg = Debug|Any CPU
		{DE336CD8-7FAD-429A-8227-CFBFCFE5BE88}.Debug|Any CPU.Build.0 = Debug|Any CPU
		{DE336CD8-7FAD-429A-8227-CFBFCFE5BE88}.Release|Any CPU.ActiveCfg = Release|Any CPU
		{DE336CD8-7FAD-429A-8227-CFBFCFE5BE88}.Release|Any CPU.Build.0 = Release|Any CPU
		{FE12660C-5B33-4864-A04F-4D6169AD01AC}.Debug|Any CPU.ActiveCfg = Debug|Any CPU
		{FE12660C-5B33-4864-A04F-4D6169AD01AC}.Debug|Any CPU.Build.0 = Debug|Any CPU
		{FE12660C-5B33-4864-A04F-4D6169AD01AC}.Release|Any CPU.ActiveCfg = Release|Any CPU
		{FE12660C-5B33-4864-A04F-4D6169AD01AC}.Release|Any CPU.Build.0 = Release|Any CPU
		{12965EB0-46B7-44CB-9E29-5D8C69C1BE15}.Debug|Any CPU.ActiveCfg = Debug|Any CPU
		{12965EB0-46B7-44CB-9E29-5D8C69C1BE15}.Debug|Any CPU.Build.0 = Debug|Any CPU
		{12965EB0-46B7-44CB-9E29-5D8C69C1BE15}.Release|Any CPU.ActiveCfg = Release|Any CPU
		{12965EB0-46B7-44CB-9E29-5D8C69C1BE15}.Release|Any CPU.Build.0 = Release|Any CPU
		{AAB06590-6A82-4F78-B723-FBC0C64032F3}.Debug|Any CPU.ActiveCfg = Debug|Any CPU
		{AAB06590-6A82-4F78-B723-FBC0C64032F3}.Debug|Any CPU.Build.0 = Debug|Any CPU
		{AAB06590-6A82-4F78-B723-FBC0C64032F3}.Release|Any CPU.ActiveCfg = Release|Any CPU
		{AAB06590-6A82-4F78-B723-FBC0C64032F3}.Release|Any CPU.Build.0 = Release|Any CPU
		{BAF88E8D-9356-43FE-B85C-800DE78633DE}.Debug|Any CPU.ActiveCfg = Debug|Any CPU
		{BAF88E8D-9356-43FE-B85C-800DE78633DE}.Debug|Any CPU.Build.0 = Debug|Any CPU
		{BAF88E8D-9356-43FE-B85C-800DE78633DE}.Release|Any CPU.ActiveCfg = Release|Any CPU
		{BAF88E8D-9356-43FE-B85C-800DE78633DE}.Release|Any CPU.Build.0 = Release|Any CPU
		{80D4BACB-33E8-4784-A7C7-77BBDC7268F6}.Debug|Any CPU.ActiveCfg = Debug|Any CPU
		{80D4BACB-33E8-4784-A7C7-77BBDC7268F6}.Debug|Any CPU.Build.0 = Debug|Any CPU
		{80D4BACB-33E8-4784-A7C7-77BBDC7268F6}.Release|Any CPU.ActiveCfg = Release|Any CPU
		{80D4BACB-33E8-4784-A7C7-77BBDC7268F6}.Release|Any CPU.Build.0 = Release|Any CPU
		{B18269A8-0A45-4B6B-A279-CD1610EAF633}.Debug|Any CPU.ActiveCfg = Debug|Any CPU
		{B18269A8-0A45-4B6B-A279-CD1610EAF633}.Debug|Any CPU.Build.0 = Debug|Any CPU
		{B18269A8-0A45-4B6B-A279-CD1610EAF633}.Release|Any CPU.ActiveCfg = Release|Any CPU
		{B18269A8-0A45-4B6B-A279-CD1610EAF633}.Release|Any CPU.Build.0 = Release|Any CPU
		{F523463F-211C-4774-A59C-5470C35C1A3D}.Debug|Any CPU.ActiveCfg = Debug|Any CPU
		{F523463F-211C-4774-A59C-5470C35C1A3D}.Debug|Any CPU.Build.0 = Debug|Any CPU
		{F523463F-211C-4774-A59C-5470C35C1A3D}.Release|Any CPU.ActiveCfg = Release|Any CPU
		{F523463F-211C-4774-A59C-5470C35C1A3D}.Release|Any CPU.Build.0 = Release|Any CPU
		{EFC20649-3A9F-4185-9F2D-6FA1BCB0B821}.Debug|Any CPU.ActiveCfg = Debug|Any CPU
		{EFC20649-3A9F-4185-9F2D-6FA1BCB0B821}.Debug|Any CPU.Build.0 = Debug|Any CPU
		{EFC20649-3A9F-4185-9F2D-6FA1BCB0B821}.Release|Any CPU.ActiveCfg = Release|Any CPU
		{EFC20649-3A9F-4185-9F2D-6FA1BCB0B821}.Release|Any CPU.Build.0 = Release|Any CPU
		{CB7D5C75-8FA1-44E2-87D4-ECA6A434AFD4}.Debug|Any CPU.ActiveCfg = Debug|Any CPU
		{CB7D5C75-8FA1-44E2-87D4-ECA6A434AFD4}.Debug|Any CPU.Build.0 = Debug|Any CPU
		{CB7D5C75-8FA1-44E2-87D4-ECA6A434AFD4}.Release|Any CPU.ActiveCfg = Release|Any CPU
		{CB7D5C75-8FA1-44E2-87D4-ECA6A434AFD4}.Release|Any CPU.Build.0 = Release|Any CPU
		{F4C1BC0D-3A77-4A01-A2CE-79789A5A078A}.Debug|Any CPU.ActiveCfg = Debug|Any CPU
		{F4C1BC0D-3A77-4A01-A2CE-79789A5A078A}.Debug|Any CPU.Build.0 = Debug|Any CPU
		{F4C1BC0D-3A77-4A01-A2CE-79789A5A078A}.Release|Any CPU.ActiveCfg = Release|Any CPU
		{F4C1BC0D-3A77-4A01-A2CE-79789A5A078A}.Release|Any CPU.Build.0 = Release|Any CPU
		{17414EF1-A345-451D-87F6-F3501111FC0B}.Debug|Any CPU.ActiveCfg = Debug|Any CPU
		{17414EF1-A345-451D-87F6-F3501111FC0B}.Debug|Any CPU.Build.0 = Debug|Any CPU
		{17414EF1-A345-451D-87F6-F3501111FC0B}.Release|Any CPU.ActiveCfg = Release|Any CPU
		{17414EF1-A345-451D-87F6-F3501111FC0B}.Release|Any CPU.Build.0 = Release|Any CPU
		{1CF29AF0-35AA-4622-9C03-3BEF06B38861}.Debug|Any CPU.ActiveCfg = Debug|Any CPU
		{1CF29AF0-35AA-4622-9C03-3BEF06B38861}.Debug|Any CPU.Build.0 = Debug|Any CPU
		{1CF29AF0-35AA-4622-9C03-3BEF06B38861}.Release|Any CPU.ActiveCfg = Release|Any CPU
		{1CF29AF0-35AA-4622-9C03-3BEF06B38861}.Release|Any CPU.Build.0 = Release|Any CPU
		{B70FA42A-E779-4FD2-B6C6-B1B9D2321A92}.Debug|Any CPU.ActiveCfg = Debug|Any CPU
		{B70FA42A-E779-4FD2-B6C6-B1B9D2321A92}.Debug|Any CPU.Build.0 = Debug|Any CPU
		{B70FA42A-E779-4FD2-B6C6-B1B9D2321A92}.Release|Any CPU.ActiveCfg = Release|Any CPU
		{B70FA42A-E779-4FD2-B6C6-B1B9D2321A92}.Release|Any CPU.Build.0 = Release|Any CPU
	EndGlobalSection
	GlobalSection(SolutionProperties) = preSolution
		HideSolutionNode = FALSE
	EndGlobalSection
	GlobalSection(NestedProjects) = preSolution
		{B0FD69BA-79BF-41D3-B8E3-7DD24EFDF19E} = {C689D051-8C05-4E65-8696-EE46344CFD6D}
		{3903BC8C-AB3F-4626-8F4F-B68849687B12} = {C689D051-8C05-4E65-8696-EE46344CFD6D}
		{7AF5FE0A-1238-4C7A-BEC9-E7186C7E2F33} = {C689D051-8C05-4E65-8696-EE46344CFD6D}
		{41619C47-012B-4BD0-8153-0F4DF5CC23F7} = {09A7EB55-9C59-4D98-9BFA-900376BD6C87}
		{00F3F2D2-FAEA-40FF-8B06-EEDDABA8EC00} = {09A7EB55-9C59-4D98-9BFA-900376BD6C87}
		{2B80E749-A093-4E40-ACE1-262D3BE1676E} = {09A7EB55-9C59-4D98-9BFA-900376BD6C87}
		{681F47C0-509C-4DFE-B669-3B57A11187F9} = {57305F86-9945-4DB6-A395-2F9FFD8FF260}
		{643D28BE-C7C7-4743-8C84-9306D3F5E98A} = {57305F86-9945-4DB6-A395-2F9FFD8FF260}
		{2B85BDC5-FA9F-46B2-8ED8-B208E71BD64D} = {57305F86-9945-4DB6-A395-2F9FFD8FF260}
		{103AC82D-B23A-45B0-8A2E-39330A415EDB} = {17A13AED-F300-4BC3-98DD-F09922375297}
		{DE336CD8-7FAD-429A-8227-CFBFCFE5BE88} = {17A13AED-F300-4BC3-98DD-F09922375297}
		{FE12660C-5B33-4864-A04F-4D6169AD01AC} = {17A13AED-F300-4BC3-98DD-F09922375297}
		{12965EB0-46B7-44CB-9E29-5D8C69C1BE15} = {B3AE78ED-2A94-4F64-821F-59B034B06CEC}
		{AAB06590-6A82-4F78-B723-FBC0C64032F3} = {B3AE78ED-2A94-4F64-821F-59B034B06CEC}
		{BAF88E8D-9356-43FE-B85C-800DE78633DE} = {B3AE78ED-2A94-4F64-821F-59B034B06CEC}
		{80D4BACB-33E8-4784-A7C7-77BBDC7268F6} = {47535C42-BF9B-45AA-9293-A91DEFA9D211}
		{B18269A8-0A45-4B6B-A279-CD1610EAF633} = {47535C42-BF9B-45AA-9293-A91DEFA9D211}
		{F523463F-211C-4774-A59C-5470C35C1A3D} = {47535C42-BF9B-45AA-9293-A91DEFA9D211}
		{EFC20649-3A9F-4185-9F2D-6FA1BCB0B821} = {196D5F07-3540-4EB4-B3F7-47336BDB9BBC}
		{CB7D5C75-8FA1-44E2-87D4-ECA6A434AFD4} = {196D5F07-3540-4EB4-B3F7-47336BDB9BBC}
		{F4C1BC0D-3A77-4A01-A2CE-79789A5A078A} = {196D5F07-3540-4EB4-B3F7-47336BDB9BBC}
		{17414EF1-A345-451D-87F6-F3501111FC0B} = {E2BFC620-10D2-4918-9298-2A44AAC373FF}
		{1CF29AF0-35AA-4622-9C03-3BEF06B38861} = {E2BFC620-10D2-4918-9298-2A44AAC373FF}
		{B70FA42A-E779-4FD2-B6C6-B1B9D2321A92} = {E2BFC620-10D2-4918-9298-2A44AAC373FF}
	EndGlobalSection
	GlobalSection(ExtensibilityGlobals) = postSolution
		SolutionGuid = {590FB9F1-2B63-4A03-BDA6-24486AE1F935}
	EndGlobalSection
EndGlobal
